// !$*UTF8*$!
{
	archiveVersion = 1;
	classes = {
	};
	objectVersion = 56;
	objects = {

/* Begin PBXBuildFile section */
		A10001 /* WorkManApp.swift in Sources */ = {isa = PBXBuildFile; fileRef = B10001; };
		A10002 /* Models.swift in Sources */ = {isa = PBXBuildFile; fileRef = B10002; };
		A10003 /* SessionManager.swift in Sources */ = {isa = PBXBuildFile; fileRef = B10003; };
		A10004 /* MainView.swift in Sources */ = {isa = PBXBuildFile; fileRef = B10004; };
		A10005 /* PixelStripView.swift in Sources */ = {isa = PBXBuildFile; fileRef = B10005; };
		A10006 /* TerminalAreaView.swift in Sources */ = {isa = PBXBuildFile; fileRef = B10006; };
		A10007 /* SidebarView.swift in Sources */ = {isa = PBXBuildFile; fileRef = B10007; };
		A10008 /* Theme.swift in Sources */ = {isa = PBXBuildFile; fileRef = B10008; };
		A10009 /* MenuBarWidget.swift in Sources */ = {isa = PBXBuildFile; fileRef = B10009; };
		A10010 /* SessionStore.swift in Sources */ = {isa = PBXBuildFile; 
fileRef = B10010; };
		9141A180C2CDC4F91C87AA78 /* UpdateChecker.swift in Sources */ = {isa = PBXBuildFile; fileRef = 01FB8028B43E80A3835392CA /* UpdateChecker.swift */; };
		A10011 /* GameSystem.swift in Sources */ = {isa = PBXBuildFile; fileRef = B10011; };
		A10012 /* CharacterSystem.swift in Sources */ = {isa = PBXBuildFile; fileRef = B10012; };
		A10013 /* Assets.xcassets in Resources */ = {isa = PBXBuildFile; fileRef = B10013; };
		A10014 /* AppIcon.icns in Resources */ = {isa = PBXBuildFile; fileRef = B10014; };
/* End PBXBuildFile section */

/* Begin PBXFileReference section */
		B10001 /* WorkManApp.swift */ = {isa = PBXFileReference; lastKnownFileType = sourcecode.swift; path = WorkManApp.swift; sourceTree = "<group>"; };
		B10002 /* Models.swift */ = {isa = PBXFileReference; lastKnownFileType = sourcecode.swift; path = Models.swift; sourceTree = "<group>"; };
		B10003 /* SessionManager.swift */ = {isa = PBXFileReference; lastKnownFileType = sourcecode.swift; path = SessionManager.swift; sourceTree = "<group>"; };
		B10004 /* MainView.swift */ = {isa = PBXFileReference; lastKnownFileType = sourcecode.swift; path = MainView.swift; sourceTree = "<group>"; };
		B10005 /* PixelStripView.swift */ = {isa = PBXFileReference; lastKnownFileType = sourcecode.swift; path = PixelStripView.swift; sourceTree = "<group>"; };
		B10006 /* TerminalAreaView.swift */ = {isa = PBXFileReference; lastKnownFileType = sourcecode.swift; path = TerminalAreaView.swift; sourceTree = "<group>"; };
		B10007 /* SidebarView.swift */ = {isa = PBXFileReference; lastKnownFileType = sourcecode.swift; path = SidebarView.swift; sourceTree = "<group>"; };
		B10008 /* Theme.swift */ = {isa = PBXFileReference; lastKnownFileType = sourcecode.swift; path = Theme.swift; sourceTree = "<group>"; };
		B10009 /* MenuBarWidget.swift */ = {isa = PBXFileReference; lastKnownFileType = sourcecode.swift; path = MenuBarWidget.swift; sourceTree = "<group>"; };
		B10010 /* SessionStore.swift */ = {isa = PBXFileReference; 
lastKnownFileType = sourcecode.swift; path = SessionStore.swift; sourceTree = "<group>"; };
		01FB8028B43E80A3835392CA /* UpdateChecker.swift */ = {isa = PBXFileReference; lastKnownFileType = sourcecode.swift; path = UpdateChecker.swift; sourceTree = "<group>"; };
		B10011 /* GameSystem.swift */ = {isa = PBXFileReference; lastKnownFileType = sourcecode.swift; path = GameSystem.swift; sourceTree = "<group>"; };
		B10012 /* CharacterSystem.swift */ = {isa = PBXFileReference; lastKnownFileType = sourcecode.swift; path = CharacterSystem.swift; sourceTree = "<group>"; };
		D10001 /* WorkManApp.app */ = {isa = PBXFileReference; explicitFileType = wrapper.application; includeInIndex = 0; path = WorkManApp.app; sourceTree = BUILT_PRODUCTS_DIR; };
		E10001 /* Info.plist */ = {isa = PBXFileReference; lastKnownFileType = text.plist.xml; path = Info.plist; sourceTree = "<group>"; };
		E10002 /* WorkManApp.entitlements */ = {isa = PBXFileReference; lastKnownFileType = text.plist.entitlements; path = WorkManApp.entitlements; sourceTree = "<group>"; };
		B10013 /* Assets.xcassets */ = {isa = PBXFileReference; lastKnownFileType = folder.assetcatalog; path = Assets.xcassets; sourceTree = "<group>"; };
		B10014 /* AppIcon.icns */ = {isa = PBXFileReference; lastKnownFileType = image.icns; path = AppIcon.icns; sourceTree = "<group>"; };
/* End PBXFileReference section */

/* Begin PBXFrameworksBuildPhase section */
		F10001 /* Frameworks */ = {
			isa = PBXFrameworksBuildPhase;
			buildActionMask = 2147483647;
			files = (
			);
			runOnlyForDeploymentPostprocessing = 0;
		};
/* End PBXFrameworksBuildPhase section */

/* Begin PBXResourcesBuildPhase section */
		R10001 /* Resources */ = {
			isa = PBXResourcesBuildPhase;
			buildActionMask = 2147483647;
			files = (
				A10013 /* Assets.xcassets in Resources */,
				A10014 /* AppIcon.icns in Resources */,
			);
			runOnlyForDeploymentPostprocessing = 0;
		};
/* End PBXResourcesBuildPhase section */

/* Begin PBXGroup section */
		G10001 = {
			isa = PBXGroup;
			children = (
				G10002 /* Sources */,
				G10003 /* Resources */,
				G10004 /* Products */,
			);
			sourceTree = "<group>";
		};
		G10002 /* Sources */ = {
			isa = PBXGroup;
			children = (
				B10001 /* WorkManApp.swift */,
				B10008 /* Theme.swift */,
				B10002 /* Models.swift */,
				B10003 /* SessionManager.swift */,
				B10004 /* MainView.swift */,
				B10005 /* PixelStripView.swift */,
				B10006 /* TerminalAreaView.swift */,
				B10007 /* SidebarView.swift */,
				B10009 /* MenuBarWidget.swift */,
				B10010 /* SessionStore.swift */,
				01FB8028B43E80A3835392CA /* UpdateChecker.swift */,
				B10011 /* GameSystem.swift */,
				B10012 /* CharacterSystem.swift */,
			);
			path = Sources;
			sourceTree = "<group>";
		};
		G10003 /* Resources */ = {
			isa = PBXGroup;
			children = (
				E10001 /* Info.plist */,
				E10002 /* WorkManApp.entitlements */,
				B10013 /* Assets.xcassets */,
				B10014 /* AppIcon.icns */,
			);
			path = Resources;
			sourceTree = "<group>";
		};
		G10004 /* Products */ = {
			isa = PBXGroup;
			children = (
				D10001 /* WorkManApp.app */,
			);
			name = Products;
			sourceTree = "<group>";
		};
/* End PBXGroup section */

/* Begin PBXNativeTarget section */
		T10001 /* WorkManApp */ = {
			isa = PBXNativeTarget;
			buildConfigurationList = C10003;
			buildPhases = (
				S10001 /* Sources */,
				F10001 /* Frameworks */,
				R10001 /* Resources */,
			);
			buildRules = (
			);
			dependencies = (
			);
			name = WorkManApp;
			productName = WorkManApp;
			productReference = D10001 /* WorkManApp.app */;
			productType = "com.apple.product-type.application";
		};
/* End PBXNativeTarget section */

/* Begin PBXProject section */
		P10001 /* Project object */ = {
			isa = PBXProject;
			attributes = {
				BuildIndependentTargetsInParallel = 1;
				LastSwiftUpdateCheck = 1500;
				LastUpgradeCheck = 1500;
			};
			buildConfigurationList = C10004;
			compatibilityVersion = "Xcode 14.0";
			developmentRegion = ko;
			hasScannedForEncodings = 0;
			knownRegions = (
				en,
				ko,
			);
			mainGroup = G10001;
			productRefGroup = G10004 /* Products */;
			projectDirPath = "";
			projectRoot = "";
			targets = (
				T10001 /* WorkManApp */,
			);
		};
/* End PBXProject section */

/* Begin PBXSourcesBuildPhase section */
		S10001 /* Sources */ = {
			isa = PBXSourcesBuildPhase;
			buildActionMask = 2147483647;
			files = (
				A10001 /* WorkManApp.swift in Sources */,
				A10008 /* Theme.swift in Sources */,
				A10002 /* Models.swift in Sources */,
				A10003 /* SessionManager.swift in Sources */,
				A10004 /* MainView.swift in Sources */,
				A10005 /* PixelStripView.swift in Sources */,
				A10006 /* TerminalAreaView.swift in Sources */,
				A10007 /* SidebarView.swift in Sources */,
				A10009 /* MenuBarWidget.swift in Sources */,
				A10010 /* SessionStore.swift in Sources */,
				9141A180C2CDC4F91C87AA78 /* UpdateChecker.swift in Sources */,
				A10011 /* GameSystem.swift in Sources */,
				A10012 /* CharacterSystem.swift in Sources */,
			);
			runOnlyForDeploymentPostprocessing = 0;
		};
/* End PBXSourcesBuildPhase section */

/* Begin XCBuildConfiguration section */
		C10001 /* Debug */ = {
			isa = XCBuildConfiguration;
			buildSettings = {
				ASSETCATALOG_COMPILER_APPICON_NAME = AppIcon;
				CODE_SIGN_ENTITLEMENTS = Resources/WorkManApp.entitlements;
				CODE_SIGN_STYLE = Automatic;
				COMBINE_HIDPI_IMAGES = YES;
				CURRENT_PROJECT_VERSION = 1;
				DEVELOPMENT_TEAM = "";
				ENABLE_HARDENED_RUNTIME = YES;
				GENERATE_INFOPLIST_FILE = YES;
				INFOPLIST_FILE = Resources/Info.plist;
				INFOPLIST_KEY_CFBundleDisplayName = WorkMan;
				INFOPLIST_KEY_LSApplicationCategoryType = "public.app-category.developer-tools";
				INFOPLIST_KEY_NSHumanReadableCopyright = "Copyright 2026 junha";
				LD_RUNPATH_SEARCH_PATHS = (
					"$(inherited)",
					"@executable_path/../Frameworks",
				);
				MACOSX_DEPLOYMENT_TARGET = 14.0;
				MARKETING_VERSION = 1.3.0;
				PRODUCT_BUNDLE_IDENTIFIER = com.junha.workman;
				PRODUCT_NAME = "$(TARGET_NAME)";
				SWIFT_EMIT_LOC_STRINGS = YES;
				SWIFT_VERSION = 5.0;
			};
			name = Debug;
		};
		C10002 /* Release */ = {
			isa = XCBuildConfiguration;
			buildSettings = {
				ASSETCATALOG_COMPILER_APPICON_NAME = AppIcon;
				CODE_SIGN_ENTITLEMENTS = Resources/WorkManApp.entitlements;
				CODE_SIGN_STYLE = Automatic;
				COMBINE_HIDPI_IMAGES = YES;
				CURRENT_PROJECT_VERSION = 1;
				DEVELOPMENT_TEAM = "";
				ENABLE_HARDENED_RUNTIME = YES;
				GENERATE_INFOPLIST_FILE = YES;
				INFOPLIST_FILE = Resources/Info.plist;
				INFOPLIST_KEY_CFBundleDisplayName = WorkMan;
				INFOPLIST_KEY_LSApplicationCategoryType = "public.app-category.developer-tools";
				INFOPLIST_KEY_NSHumanReadableCopyright = "Copyright 2026 junha";
				LD_RUNPATH_SEARCH_PATHS = (
					"$(inherited)",
					"@executable_path/../Frameworks",
				);
				MACOSX_DEPLOYMENT_TARGET = 14.0;
				MARKETING_VERSION = 1.3.0;
				PRODUCT_BUNDLE_IDENTIFIER = com.junha.workman;
				PRODUCT_NAME = "$(TARGET_NAME)";
				SWIFT_EMIT_LOC_STRINGS = YES;
				SWIFT_VERSION = 5.0;
			};
			name = Release;
		};
		C10005 /* Debug */ = {
			isa = XCBuildConfiguration;
			buildSettings = {
				ALWAYS_SEARCH_USER_PATHS = NO;
				CLANG_ANALYZER_NONNULL = YES;
				CLANG_CXX_LANGUAGE_STANDARD = "gnu++20";
				CLANG_ENABLE_MODULES = YES;
				CLANG_ENABLE_OBJC_ARC = YES;
				COPY_PHASE_STRIP = NO;
				DEBUG_INFORMATION_FORMAT = dwarf;
				ENABLE_STRICT_OBJC_MSGSEND = YES;
				ENABLE_TESTABILITY = YES;
				GCC_DYNAMIC_NO_PIC = NO;
				GCC_OPTIMIZATION_LEVEL = 0;
				GCC_PREPROCESSOR_DEFINITIONS = (
					"DEBUG=1",
					"$(inherited)",
				);
				MACOSX_DEPLOYMENT_TARGET = 14.0;
				MTL_ENABLE_DEBUG_INFO = INCLUDE_SOURCE;
				ONLY_ACTIVE_ARCH = YES;
				SDKROOT = macosx;
				SWIFT_ACTIVE_COMPILATION_CONDITIONS = DEBUG;
				SWIFT_OPTIMIZATION_LEVEL = "-Onone";
				SWIFT_STRICT_CONCURRENCY = minimal;
			};
			name = Debug;
		};
		C10006 /* Release */ = {
			isa = XCBuildConfiguration;
			buildSettings = {
				ALWAYS_SEARCH_USER_PATHS = NO;
				CLANG_ANALYZER_NONNULL = YES;
				CLANG_CXX_LANGUAGE_STANDARD = "gnu++20";
				CLANG_ENABLE_MODULES = YES;
				CLANG_ENABLE_OBJC_ARC = YES;
				COPY_PHASE_STRIP = NO;
				DEBUG_INFORMATION_FORMAT = "dwarf-with-dsym";
				ENABLE_NS_ASSERTIONS = NO;
				ENABLE_STRICT_OBJC_MSGSEND = YES;
				GCC_OPTIMIZATION_LEVEL = s;
				MACOSX_DEPLOYMENT_TARGET = 14.0;
				MTL_ENABLE_DEBUG_INFO = NO;
				SDKROOT = macosx;
				SWIFT_COMPILATION_MODE = wholemodule;
				SWIFT_OPTIMIZATION_LEVEL = "-O";
				SWIFT_STRICT_CONCURRENCY = minimal;
			};
			name = Release;
		};
/* End XCBuildConfiguration section */

/* Begin XCConfigurationList section */
		C10003 /* Build configuration list for PBXNativeTarget "WorkManApp" */ = {
			isa = XCConfigurationList;
			buildConfigurations = (
				C10001 /* Debug */,
				C10002 /* Release */,
			);
			defaultConfigurationIsVisible = 0;
			defaultConfigurationName = Release;
		};
		C10004 /* Build configuration list for PBXProject "WorkManApp" */ = {
			isa = XCConfigurationList;
			buildConfigurations = (
				C10005 /* Debug */,
				C10006 /* Release */,
			);
			defaultConfigurationIsVisible = 0;
			defaultConfigurationName = Release;
		};
/* End XCConfigurationList section */

	};
	rootObject = P10001 /* Project object */;
}
