// !$*UTF8*$!
{
	archiveVersion = 1;
	classes = {
	};
	objectVersion = 56;
	objects = {

/* Begin PBXBuildFile section */
		07A2B801437FFDA42534AA17 /* Cocoa.framework in Frameworks */ = {isa = PBXBuildFile; fileRef = AADE3B5D98B955B0C80A5DE3 /* Cocoa.framework */; };
		273023032BF912399A803AEC /* XCTest.framework in Frameworks */ = {isa = PBXBuildFile; fileRef = F35199C3D3E258D53AF607EA /* XCTest.framework */; };
		28ABC1238F8EE87369BBC7EF /* AuditLog.swift in Sources */ = {isa = PBXBuildFile; fileRef = 19D1AE3CB99EAC879DE06BC9 /* AuditLog.swift */; };
		8EAB07DCD8A5717B584AE381 /* SessionPersistenceTests.swift in Sources */ = {isa = PBXBuildFile; fileRef = B57D61AE58AAA182FF626C15 /* SessionPersistenceTests.swift */; };
		9141A180C2CDC4F91C87AA78 /* UpdateChecker.swift in Sources */ = {isa = PBXBuildFile; fileRef = 01FB8028B43E80A3835392CA /* UpdateChecker.swift */; };
		A10001 /* WorkManApp.swift in Sources */ = {isa = PBXBuildFile; fileRef = B10001 /* WorkManApp.swift */; };
		A10002 /* Models.swift in Sources */ = {isa = PBXBuildFile; fileRef = B10002 /* Models.swift */; };
		A10003 /* SessionManager.swift in Sources */ = {isa = PBXBuildFile; fileRef = B10003 /* SessionManager.swift */; };
		A10004 /* MainView.swift in Sources */ = {isa = PBXBuildFile; fileRef = B10004 /* MainView.swift */; };
		A10030 /* OnboardingView.swift in Sources */ = {isa = PBXBuildFile; fileRef = B10030 /* OnboardingView.swift */; };
		A10098 /* SwiftTermBridge.swift in Sources */ = {isa = PBXBuildFile; fileRef = B10098 /* SwiftTermBridge.swift */; };
		A10099 /* VT100Terminal.swift in Sources */ = {isa = PBXBuildFile; fileRef = B10099 /* VT100Terminal.swift */; };
		A10031 /* OverlayComponents.swift in Sources */ = {isa = PBXBuildFile; fileRef = B10031 /* OverlayComponents.swift */; };
		A10005 /* PixelStripView.swift in Sources */ = {isa = PBXBuildFile; fileRef = B10005 /* PixelStripView.swift */; };
		A10006 /* TerminalAreaView.swift in Sources */ = {isa = PBXBuildFile; fileRef = B10006 /* TerminalAreaView.swift */; };
		A10007 /* SidebarView.swift in Sources */ = {isa = PBXBuildFile; fileRef = B10007 /* SidebarView.swift */; };
		A10008 /* Theme.swift in Sources */ = {isa = PBXBuildFile; fileRef = B10008 /* Theme.swift */; };
		A10009 /* MenuBarWidget.swift in Sources */ = {isa = PBXBuildFile; fileRef = B10009 /* MenuBarWidget.swift */; };
		A10010 /* SessionStore.swift in Sources */ = {isa = PBXBuildFile; fileRef = B10010 /* SessionStore.swift */; };
		A10011 /* GameSystem.swift in Sources */ = {isa = PBXBuildFile; fileRef = B10011 /* GameSystem.swift */; };
		A10012 /* CharacterSystem.swift in Sources */ = {isa = PBXBuildFile; fileRef = B10012 /* CharacterSystem.swift */; };
		A10013 /* Assets.xcassets in Resources */ = {isa = PBXBuildFile; fileRef = B10013 /* Assets.xcassets */; };
		A10014 /* AppIcon.icns in Resources */ = {isa = PBXBuildFile; fileRef = B10014 /* AppIcon.icns */; };
		A10020 /* OfficeWindowView.swift in Sources */ = {isa = PBXBuildFile; fileRef = B10020 /* OfficeWindowView.swift */; };
		A20001 /* OfficeTypes.swift in Sources */ = {isa = PBXBuildFile; fileRef = B20001 /* OfficeTypes.swift */; };
		A20002 /* OfficeMap.swift in Sources */ = {isa = PBXBuildFile; fileRef = B20002 /* OfficeMap.swift */; };
		A20003 /* OfficeCharacterController.swift in Sources */ = {isa = PBXBuildFile; fileRef = B20003 /* OfficeCharacterController.swift */; };
		A20004 /* OfficeSpriteRenderer.swift in Sources */ = {isa = PBXBuildFile; fileRef = B20004 /* OfficeSpriteRenderer.swift */; };
		A20005 /* OfficeSceneView.swift in Sources */ = {isa = PBXBuildFile; fileRef = B20005 /* OfficeSceneView.swift */; };
		A20006 /* OfficeSpriteData.swift in Sources */ = {isa = PBXBuildFile; fileRef = B20006 /* OfficeSpriteData.swift */; };
		A20007 /* OfficeSceneSupport.swift in Sources */ = {isa = PBXBuildFile; fileRef = B20007 /* OfficeSceneSupport.swift */; };
		A20008 /* OfficeLayoutStore.swift in Sources */ = {isa = PBXBuildFile; fileRef = B20008 /* OfficeLayoutStore.swift */; };
		A30001 /* GitDataProvider.swift in Sources */ = {isa = PBXBuildFile; fileRef = B30001 /* GitDataProvider.swift */; };
		A30002 /* GitPanelView.swift in Sources */ = {isa = PBXBuildFile; fileRef = B30002 /* GitPanelView.swift */; };
		DABD99DB56A43993BD71CB63 /* SensitiveFileShield.swift in Sources */ = {isa = PBXBuildFile; fileRef = BCDF8262B8C09E5CB418BA0D /* SensitiveFileShield.swift */; };
		FC234AD686A13A3048D439D8 /* DangerousCommandDetector.swift in Sources */ = {isa = PBXBuildFile; fileRef = 9C60E443524B7F6AE927F898 /* DangerousCommandDetector.swift */; };
/* End PBXBuildFile section */

/* Begin PBXContainerItemProxy section */
		183AC13842E2842FE18AD529 /* PBXContainerItemProxy */ = {
			isa = PBXContainerItemProxy;
			containerPortal = P10001 /* Project object */;
			proxyType = 1;
			remoteGlobalIDString = T10001;
			remoteInfo = Doffice;
		};
/* End PBXContainerItemProxy section */

/* Begin PBXFileReference section */
		01FB8028B43E80A3835392CA /* UpdateChecker.swift */ = {isa = PBXFileReference; lastKnownFileType = sourcecode.swift; path = UpdateChecker.swift; sourceTree = "<group>"; };
		19D1AE3CB99EAC879DE06BC9 /* AuditLog.swift */ = {isa = PBXFileReference; includeInIndex = 1; lastKnownFileType = sourcecode.swift; path = AuditLog.swift; sourceTree = "<group>"; };
		4B6C4A9868E571719C427D24 /* DofficeTests.xctest */ = {isa = PBXFileReference; explicitFileType = wrapper.cfbundle; includeInIndex = 0; path = DofficeTests.xctest; sourceTree = BUILT_PRODUCTS_DIR; };
		9C60E443524B7F6AE927F898 /* DangerousCommandDetector.swift */ = {isa = PBXFileReference; includeInIndex = 1; lastKnownFileType = sourcecode.swift; path = DangerousCommandDetector.swift; sourceTree = "<group>"; };
		AADE3B5D98B955B0C80A5DE3 /* Cocoa.framework */ = {isa = PBXFileReference; lastKnownFileType = wrapper.framework; name = Cocoa.framework; path = Platforms/MacOSX.platform/Developer/SDKs/MacOSX10.15.sdk/System/Library/Frameworks/Cocoa.framework; sourceTree = DEVELOPER_DIR; };
		B10001 /* WorkManApp.swift */ = {isa = PBXFileReference; lastKnownFileType = sourcecode.swift; path = WorkManApp.swift; sourceTree = "<group>"; };
		B10002 /* Models.swift */ = {isa = PBXFileReference; lastKnownFileType = sourcecode.swift; path = Models.swift; sourceTree = "<group>"; };
		B10003 /* SessionManager.swift */ = {isa = PBXFileReference; lastKnownFileType = sourcecode.swift; path = SessionManager.swift; sourceTree = "<group>"; };
		B10004 /* MainView.swift */ = {isa = PBXFileReference; lastKnownFileType = sourcecode.swift; path = MainView.swift; sourceTree = "<group>"; };
		B10030 /* OnboardingView.swift */ = {isa = PBXFileReference; lastKnownFileType = sourcecode.swift; path = OnboardingView.swift; sourceTree = "<group>"; };
		B10098 /* SwiftTermBridge.swift */ = {isa = PBXFileReference; lastKnownFileType = sourcecode.swift; path = SwiftTermBridge.swift; sourceTree = "<group>"; };
		B10099 /* VT100Terminal.swift */ = {isa = PBXFileReference; lastKnownFileType = sourcecode.swift; path = VT100Terminal.swift; sourceTree = "<group>"; };
		B10031 /* OverlayComponents.swift */ = {isa = PBXFileReference; lastKnownFileType = sourcecode.swift; path = OverlayComponents.swift; sourceTree = "<group>"; };
		B10005 /* PixelStripView.swift */ = {isa = PBXFileReference; lastKnownFileType = sourcecode.swift; path = PixelStripView.swift; sourceTree = "<group>"; };
		B10006 /* TerminalAreaView.swift */ = {isa = PBXFileReference; lastKnownFileType = sourcecode.swift; path = TerminalAreaView.swift; sourceTree = "<group>"; };
		B10007 /* SidebarView.swift */ = {isa = PBXFileReference; lastKnownFileType = sourcecode.swift; path = SidebarView.swift; sourceTree = "<group>"; };
		B10008 /* Theme.swift */ = {isa = PBXFileReference; lastKnownFileType = sourcecode.swift; path = Theme.swift; sourceTree = "<group>"; };
		B10009 /* MenuBarWidget.swift */ = {isa = PBXFileReference; lastKnownFileType = sourcecode.swift; path = MenuBarWidget.swift; sourceTree = "<group>"; };
		B10010 /* SessionStore.swift */ = {isa = PBXFileReference; lastKnownFileType = sourcecode.swift; path = SessionStore.swift; sourceTree = "<group>"; };
		B10011 /* GameSystem.swift */ = {isa = PBXFileReference; lastKnownFileType = sourcecode.swift; path = GameSystem.swift; sourceTree = "<group>"; };
		B10012 /* CharacterSystem.swift */ = {isa = PBXFileReference; lastKnownFileType = sourcecode.swift; path = CharacterSystem.swift; sourceTree = "<group>"; };
		B10013 /* Assets.xcassets */ = {isa = PBXFileReference; lastKnownFileType = folder.assetcatalog; path = Assets.xcassets; sourceTree = "<group>"; };
		B10014 /* AppIcon.icns */ = {isa = PBXFileReference; lastKnownFileType = image.icns; path = AppIcon.icns; sourceTree = "<group>"; };
		B10020 /* OfficeWindowView.swift */ = {isa = PBXFileReference; lastKnownFileType = sourcecode.swift; path = OfficeWindowView.swift; sourceTree = "<group>"; };
		B20001 /* OfficeTypes.swift */ = {isa = PBXFileReference; lastKnownFileType = sourcecode.swift; path = OfficeTypes.swift; sourceTree = "<group>"; };
		B20002 /* OfficeMap.swift */ = {isa = PBXFileReference; lastKnownFileType = sourcecode.swift; path = OfficeMap.swift; sourceTree = "<group>"; };
		B20003 /* OfficeCharacterController.swift */ = {isa = PBXFileReference; lastKnownFileType = sourcecode.swift; path = OfficeCharacterController.swift; sourceTree = "<group>"; };
		B20004 /* OfficeSpriteRenderer.swift */ = {isa = PBXFileReference; lastKnownFileType = sourcecode.swift; path = OfficeSpriteRenderer.swift; sourceTree = "<group>"; };
		B20005 /* OfficeSceneView.swift */ = {isa = PBXFileReference; lastKnownFileType = sourcecode.swift; path = OfficeSceneView.swift; sourceTree = "<group>"; };
		B20006 /* OfficeSpriteData.swift */ = {isa = PBXFileReference; lastKnownFileType = sourcecode.swift; path = OfficeSpriteData.swift; sourceTree = "<group>"; };
		B20007 /* OfficeSceneSupport.swift */ = {isa = PBXFileReference; lastKnownFileType = sourcecode.swift; path = OfficeSceneSupport.swift; sourceTree = "<group>"; };
		B20008 /* OfficeLayoutStore.swift */ = {isa = PBXFileReference; lastKnownFileType = sourcecode.swift; path = OfficeLayoutStore.swift; sourceTree = "<group>"; };
		B30001 /* GitDataProvider.swift */ = {isa = PBXFileReference; lastKnownFileType = sourcecode.swift; path = GitDataProvider.swift; sourceTree = "<group>"; };
		B30002 /* GitPanelView.swift */ = {isa = PBXFileReference; lastKnownFileType = sourcecode.swift; path = GitPanelView.swift; sourceTree = "<group>"; };
		B57D61AE58AAA182FF626C15 /* SessionPersistenceTests.swift */ = {isa = PBXFileReference; includeInIndex = 1; lastKnownFileType = sourcecode.swift; path = SessionPersistenceTests.swift; sourceTree = "<group>"; };
		BCDF8262B8C09E5CB418BA0D /* SensitiveFileShield.swift */ = {isa = PBXFileReference; includeInIndex = 1; lastKnownFileType = sourcecode.swift; path = SensitiveFileShield.swift; sourceTree = "<group>"; };
		D10001 /* Doffice.app */ = {isa = PBXFileReference; explicitFileType = wrapper.application; includeInIndex = 0; path = Doffice.app; sourceTree = BUILT_PRODUCTS_DIR; };
		E10001 /* Info.plist */ = {isa = PBXFileReference; lastKnownFileType = text.plist.xml; path = Info.plist; sourceTree = "<group>"; };
		E10002 /* WorkManApp.entitlements */ = {isa = PBXFileReference; lastKnownFileType = text.plist.entitlements; path = WorkManApp.entitlements; sourceTree = "<group>"; };
		F35199C3D3E258D53AF607EA /* XCTest.framework */ = {isa = PBXFileReference; lastKnownFileType = wrapper.framework; name = XCTest.framework; path = System/Library/Frameworks/XCTest.framework; sourceTree = "<group>"; };
/* End PBXFileReference section */

/* Begin PBXFrameworksBuildPhase section */
		5499446D52E50500E5A032D4 /* Frameworks */ = {
			isa = PBXFrameworksBuildPhase;
			buildActionMask = 2147483647;
			files = (
				07A2B801437FFDA42534AA17 /* Cocoa.framework in Frameworks */,
				273023032BF912399A803AEC /* XCTest.framework in Frameworks */,
			);
			runOnlyForDeploymentPostprocessing = 0;
		};
		F10001 /* Frameworks */ = {
			isa = PBXFrameworksBuildPhase;
			buildActionMask = 2147483647;
			files = (
			);
			runOnlyForDeploymentPostprocessing = 0;
		};
/* End PBXFrameworksBuildPhase section */

/* Begin PBXGroup section */
		38E9BF2AB24E3CCC6BCE666D /* OS X */ = {
			isa = PBXGroup;
			children = (
				AADE3B5D98B955B0C80A5DE3 /* Cocoa.framework */,
			);
			name = "OS X";
			sourceTree = "<group>";
		};
		DC004879538E95F2F14C1262 /* Tests */ = {
			isa = PBXGroup;
			children = (
				B57D61AE58AAA182FF626C15 /* SessionPersistenceTests.swift */,
			);
			name = Tests;
			path = Tests;
			sourceTree = "<group>";
		};
		F41DB3DC3612520813F1E70B /* Frameworks */ = {
			isa = PBXGroup;
			children = (
				38E9BF2AB24E3CCC6BCE666D /* OS X */,
				F35199C3D3E258D53AF607EA /* XCTest.framework */,
			);
			name = Frameworks;
			sourceTree = "<group>";
		};
		G10001 = {
			isa = PBXGroup;
			children = (
				G10002 /* Sources */,
				G10003 /* Resources */,
				G10004 /* Products */,
				DC004879538E95F2F14C1262 /* Tests */,
				F41DB3DC3612520813F1E70B /* Frameworks */,
			);
			sourceTree = "<group>";
		};
		G10002 /* Sources */ = {
			isa = PBXGroup;
			children = (
				B10001 /* WorkManApp.swift */,
				B10008 /* Theme.swift */,
				B10002 /* Models.swift */,
				B10003 /* SessionManager.swift */,
				B10004 /* MainView.swift */,
				B10030 /* OnboardingView.swift */,
				B10098 /* SwiftTermBridge.swift */,
				B10099 /* VT100Terminal.swift */,
				B10031 /* OverlayComponents.swift */,
				B10005 /* PixelStripView.swift */,
				B10006 /* TerminalAreaView.swift */,
				B10007 /* SidebarView.swift */,
				B10009 /* MenuBarWidget.swift */,
				B10010 /* SessionStore.swift */,
				B10020 /* OfficeWindowView.swift */,
				01FB8028B43E80A3835392CA /* UpdateChecker.swift */,
				B10011 /* GameSystem.swift */,
				B10012 /* CharacterSystem.swift */,
				B30001 /* GitDataProvider.swift */,
				B30002 /* GitPanelView.swift */,
				G20001 /* Office */,
				9C60E443524B7F6AE927F898 /* DangerousCommandDetector.swift */,
				BCDF8262B8C09E5CB418BA0D /* SensitiveFileShield.swift */,
				19D1AE3CB99EAC879DE06BC9 /* AuditLog.swift */,
			);
			path = Sources;
			sourceTree = "<group>";
		};
		G10003 /* Resources */ = {
			isa = PBXGroup;
			children = (
				E10001 /* Info.plist */,
				E10002 /* WorkManApp.entitlements */,
				B10013 /* Assets.xcassets */,
				B10014 /* AppIcon.icns */,
			);
			path = Resources;
			sourceTree = "<group>";
		};
		G10004 /* Products */ = {
			isa = PBXGroup;
			children = (
				D10001 /* Doffice.app */,
				4B6C4A9868E571719C427D24 /* DofficeTests.xctest */,
			);
			name = Products;
			sourceTree = "<group>";
		};
		G20001 /* Office */ = {
			isa = PBXGroup;
			children = (
				B20001 /* OfficeTypes.swift */,
				B20002 /* OfficeMap.swift */,
				B20003 /* OfficeCharacterController.swift */,
				B20004 /* OfficeSpriteRenderer.swift */,
				B20005 /* OfficeSceneView.swift */,
				B20006 /* OfficeSpriteData.swift */,
				B20007 /* OfficeSceneSupport.swift */,
				B20008 /* OfficeLayoutStore.swift */,
			);
			path = Office;
			sourceTree = "<group>";
		};
/* End PBXGroup section */

/* Begin PBXNativeTarget section */
		A9860837A40F0A1058CE29F7 /* DofficeTests */ = {
			isa = PBXNativeTarget;
			buildConfigurationList = 2F60DDD04CE26C43FC0514DD /* Build configuration list for PBXNativeTarget "DofficeTests" */;
			buildPhases = (
				0CAE5A43A0C268B584B7D7D1 /* Sources */,
				5499446D52E50500E5A032D4 /* Frameworks */,
				3BF3D69B0DB86B6170C83EDD /* Resources */,
			);
			buildRules = (
			);
			dependencies = (
				04A1EC26DDC1303C554BEF45 /* PBXTargetDependency */,
			);
			name = DofficeTests;
			productName = DofficeTests;
			productReference = 4B6C4A9868E571719C427D24 /* DofficeTests.xctest */;
			productType = "com.apple.product-type.bundle.unit-test";
		};
		T10001 /* Doffice */ = {
			isa = PBXNativeTarget;
			buildConfigurationList = C10003 /* Build configuration list for PBXNativeTarget "Doffice" */;
			buildPhases = (
				S10001 /* Sources */,
				F10001 /* Frameworks */,
				R10001 /* Resources */,
			);
			buildRules = (
			);
			dependencies = (
			);
			name = Doffice;
			packageProductDependencies = (
				DEP001 /* SwiftTerm */,
			);
			productName = Doffice;
			productReference = D10001 /* Doffice.app */;
			productType = "com.apple.product-type.application";
		};
/* End PBXNativeTarget section */

/* Begin PBXProject section */
		P10001 /* Project object */ = {
			isa = PBXProject;
			attributes = {
				BuildIndependentTargetsInParallel = 1;
				LastSwiftUpdateCheck = 1500;
				LastUpgradeCheck = 1500;
			};
			buildConfigurationList = C10004 /* Build configuration list for PBXProject "Doffice" */;
			compatibilityVersion = "Xcode 14.0";
			developmentRegion = ko;
			hasScannedForEncodings = 0;
			knownRegions = (
				en,
				ko,
			);
			mainGroup = G10001;
			productRefGroup = G10004 /* Products */;
			projectDirPath = "";
			projectRoot = "";
			packageReferences = (
				PKG001 /* XCRemoteSwiftPackageReference "SwiftTerm" */,
			);
			targets = (
				T10001 /* Doffice */,
				A9860837A40F0A1058CE29F7 /* DofficeTests */,
			);
		};
/* End PBXProject section */

/* Begin PBXResourcesBuildPhase section */
		3BF3D69B0DB86B6170C83EDD /* Resources */ = {
			isa = PBXResourcesBuildPhase;
			buildActionMask = 2147483647;
			files = (
			);
			runOnlyForDeploymentPostprocessing = 0;
		};
		R10001 /* Resources */ = {
			isa = PBXResourcesBuildPhase;
			buildActionMask = 2147483647;
			files = (
				A10013 /* Assets.xcassets in Resources */,
				A10014 /* AppIcon.icns in Resources */,
			);
			runOnlyForDeploymentPostprocessing = 0;
		};
/* End PBXResourcesBuildPhase section */

/* Begin PBXSourcesBuildPhase section */
		0CAE5A43A0C268B584B7D7D1 /* Sources */ = {
			isa = PBXSourcesBuildPhase;
			buildActionMask = 2147483647;
			files = (
				8EAB07DCD8A5717B584AE381 /* SessionPersistenceTests.swift in Sources */,
			);
			runOnlyForDeploymentPostprocessing = 0;
		};
		S10001 /* Sources */ = {
			isa = PBXSourcesBuildPhase;
			buildActionMask = 2147483647;
			files = (
				A10001 /* WorkManApp.swift in Sources */,
				A10008 /* Theme.swift in Sources */,
				A10002 /* Models.swift in Sources */,
				A10003 /* SessionManager.swift in Sources */,
				A10004 /* MainView.swift in Sources */,
				A10030 /* OnboardingView.swift in Sources */,
				A10098 /* SwiftTermBridge.swift in Sources */,
				A10099 /* VT100Terminal.swift in Sources */,
				A10031 /* OverlayComponents.swift in Sources */,
				A10005 /* PixelStripView.swift in Sources */,
				A10006 /* TerminalAreaView.swift in Sources */,
				A10007 /* SidebarView.swift in Sources */,
				A10009 /* MenuBarWidget.swift in Sources */,
				A10010 /* SessionStore.swift in Sources */,
				A10020 /* OfficeWindowView.swift in Sources */,
				9141A180C2CDC4F91C87AA78 /* UpdateChecker.swift in Sources */,
				A10011 /* GameSystem.swift in Sources */,
				A10012 /* CharacterSystem.swift in Sources */,
				A30001 /* GitDataProvider.swift in Sources */,
				A30002 /* GitPanelView.swift in Sources */,
				A20001 /* OfficeTypes.swift in Sources */,
				A20002 /* OfficeMap.swift in Sources */,
				A20003 /* OfficeCharacterController.swift in Sources */,
				A20004 /* OfficeSpriteRenderer.swift in Sources */,
				A20005 /* OfficeSceneView.swift in Sources */,
				A20006 /* OfficeSpriteData.swift in Sources */,
				A20007 /* OfficeSceneSupport.swift in Sources */,
				A20008 /* OfficeLayoutStore.swift in Sources */,
				FC234AD686A13A3048D439D8 /* DangerousCommandDetector.swift in Sources */,
				DABD99DB56A43993BD71CB63 /* SensitiveFileShield.swift in Sources */,
				28ABC1238F8EE87369BBC7EF /* AuditLog.swift in Sources */,
			);
			runOnlyForDeploymentPostprocessing = 0;
		};
/* End PBXSourcesBuildPhase section */

/* Begin PBXTargetDependency section */
		04A1EC26DDC1303C554BEF45 /* PBXTargetDependency */ = {
			isa = PBXTargetDependency;
			name = Doffice;
			target = T10001 /* Doffice */;
			targetProxy = 183AC13842E2842FE18AD529 /* PBXContainerItemProxy */;
		};
/* End PBXTargetDependency section */

/* Begin XCBuildConfiguration section */
		32F69323DFAEB0E07ABC7D54 /* Release */ = {
			isa = XCBuildConfiguration;
			buildSettings = {
				BUNDLE_LOADER = "$(TEST_HOST)";
				CODE_SIGN_STYLE = Automatic;
				CURRENT_PROJECT_VERSION = 1;
				GENERATE_INFOPLIST_FILE = YES;
				LD_RUNPATH_SEARCH_PATHS = (
					"$(inherited)",
					"@executable_path/../Frameworks",
					"@loader_path/../Frameworks",
				);
				MACOSX_DEPLOYMENT_TARGET = 14.0;
				PRODUCT_BUNDLE_IDENTIFIER = com.junha.doffice.tests;
				PRODUCT_NAME = "$(TARGET_NAME)";
				SDKROOT = macosx;
				SWIFT_VERSION = 5.0;
				TEST_HOST = "$(BUILT_PRODUCTS_DIR)/Doffice.app/Contents/MacOS/Doffice";
			};
			name = Release;
		};
		C10001 /* Debug */ = {
			isa = XCBuildConfiguration;
			buildSettings = {
				ASSETCATALOG_COMPILER_APPICON_NAME = AppIcon;
				CODE_SIGN_ENTITLEMENTS = Resources/WorkManApp.entitlements;
				CODE_SIGN_STYLE = Automatic;
				COMBINE_HIDPI_IMAGES = YES;
				CURRENT_PROJECT_VERSION = 1;
				DEVELOPMENT_TEAM = "";
				ENABLE_HARDENED_RUNTIME = YES;
				GENERATE_INFOPLIST_FILE = YES;
				INFOPLIST_FILE = Resources/Info.plist;
				INFOPLIST_KEY_CFBundleDisplayName = Doffice;
				INFOPLIST_KEY_LSApplicationCategoryType = "public.app-category.developer-tools";
				INFOPLIST_KEY_NSHumanReadableCopyright = "Copyright 2026 junha";
				LD_RUNPATH_SEARCH_PATHS = (
					"$(inherited)",
					"@executable_path/../Frameworks",
				);
				MACOSX_DEPLOYMENT_TARGET = 14.0;
				MARKETING_VERSION = 3.0.1;
				PRODUCT_BUNDLE_IDENTIFIER = com.junha.doffice;
				PRODUCT_NAME = Doffice;
				SWIFT_EMIT_LOC_STRINGS = YES;
				SWIFT_VERSION = 5.0;
			};
			name = Debug;
		};
		C10002 /* Release */ = {
			isa = XCBuildConfiguration;
			buildSettings = {
				ASSETCATALOG_COMPILER_APPICON_NAME = AppIcon;
				CODE_SIGN_ENTITLEMENTS = Resources/WorkManApp.entitlements;
				CODE_SIGN_STYLE = Automatic;
				COMBINE_HIDPI_IMAGES = YES;
				CURRENT_PROJECT_VERSION = 1;
				DEVELOPMENT_TEAM = "";
				ENABLE_HARDENED_RUNTIME = YES;
				GENERATE_INFOPLIST_FILE = YES;
				INFOPLIST_FILE = Resources/Info.plist;
				INFOPLIST_KEY_CFBundleDisplayName = Doffice;
				INFOPLIST_KEY_LSApplicationCategoryType = "public.app-category.developer-tools";
				INFOPLIST_KEY_NSHumanReadableCopyright = "Copyright 2026 junha";
				LD_RUNPATH_SEARCH_PATHS = (
					"$(inherited)",
					"@executable_path/../Frameworks",
				);
				MACOSX_DEPLOYMENT_TARGET = 14.0;
				MARKETING_VERSION = 3.0.1;
				PRODUCT_BUNDLE_IDENTIFIER = com.junha.doffice;
				PRODUCT_NAME = Doffice;
				SWIFT_EMIT_LOC_STRINGS = YES;
				SWIFT_VERSION = 5.0;
			};
			name = Release;
		};
		C10005 /* Debug */ = {
			isa = XCBuildConfiguration;
			buildSettings = {
				ALWAYS_SEARCH_USER_PATHS = NO;
				CLANG_ANALYZER_NONNULL = YES;
				CLANG_CXX_LANGUAGE_STANDARD = "gnu++20";
				CLANG_ENABLE_MODULES = YES;
				CLANG_ENABLE_OBJC_ARC = YES;
				COPY_PHASE_STRIP = NO;
				DEBUG_INFORMATION_FORMAT = dwarf;
				ENABLE_STRICT_OBJC_MSGSEND = YES;
				ENABLE_TESTABILITY = YES;
				GCC_DYNAMIC_NO_PIC = NO;
				GCC_OPTIMIZATION_LEVEL = 0;
				GCC_PREPROCESSOR_DEFINITIONS = (
					"DEBUG=1",
					"$(inherited)",
				);
				MACOSX_DEPLOYMENT_TARGET = 14.0;
				MTL_ENABLE_DEBUG_INFO = INCLUDE_SOURCE;
				ONLY_ACTIVE_ARCH = YES;
				SDKROOT = macosx;
				SWIFT_ACTIVE_COMPILATION_CONDITIONS = DEBUG;
				SWIFT_OPTIMIZATION_LEVEL = "-Onone";
				SWIFT_STRICT_CONCURRENCY = minimal;
			};
			name = Debug;
		};
		C10006 /* Release */ = {
			isa = XCBuildConfiguration;
			buildSettings = {
				ALWAYS_SEARCH_USER_PATHS = NO;
				CLANG_ANALYZER_NONNULL = YES;
				CLANG_CXX_LANGUAGE_STANDARD = "gnu++20";
				CLANG_ENABLE_MODULES = YES;
				CLANG_ENABLE_OBJC_ARC = YES;
				COPY_PHASE_STRIP = NO;
				DEBUG_INFORMATION_FORMAT = "dwarf-with-dsym";
				ENABLE_NS_ASSERTIONS = NO;
				ENABLE_STRICT_OBJC_MSGSEND = YES;
				GCC_OPTIMIZATION_LEVEL = s;
				MACOSX_DEPLOYMENT_TARGET = 14.0;
				MTL_ENABLE_DEBUG_INFO = NO;
				SDKROOT = macosx;
				SWIFT_COMPILATION_MODE = wholemodule;
				SWIFT_OPTIMIZATION_LEVEL = "-O";
				SWIFT_STRICT_CONCURRENCY = minimal;
			};
			name = Release;
		};
		FABB0059B43D8E300ADF8706 /* Debug */ = {
			isa = XCBuildConfiguration;
			buildSettings = {
				BUNDLE_LOADER = "$(TEST_HOST)";
				CODE_SIGN_STYLE = Automatic;
				CURRENT_PROJECT_VERSION = 1;
				GENERATE_INFOPLIST_FILE = YES;
				LD_RUNPATH_SEARCH_PATHS = (
					"$(inherited)",
					"@executable_path/../Frameworks",
					"@loader_path/../Frameworks",
				);
				MACOSX_DEPLOYMENT_TARGET = 14.0;
				PRODUCT_BUNDLE_IDENTIFIER = com.junha.doffice.tests;
				PRODUCT_NAME = "$(TARGET_NAME)";
				SDKROOT = macosx;
				SWIFT_VERSION = 5.0;
				TEST_HOST = "$(BUILT_PRODUCTS_DIR)/Doffice.app/Contents/MacOS/Doffice";
			};
			name = Debug;
		};
/* End XCBuildConfiguration section */

/* Begin XCConfigurationList section */
		2F60DDD04CE26C43FC0514DD /* Build configuration list for PBXNativeTarget "DofficeTests" */ = {
			isa = XCConfigurationList;
			buildConfigurations = (
				32F69323DFAEB0E07ABC7D54 /* Release */,
				FABB0059B43D8E300ADF8706 /* Debug */,
			);
			defaultConfigurationIsVisible = 0;
			defaultConfigurationName = Release;
		};
		C10003 /* Build configuration list for PBXNativeTarget "Doffice" */ = {
			isa = XCConfigurationList;
			buildConfigurations = (
				C10001 /* Debug */,
				C10002 /* Release */,
			);
			defaultConfigurationIsVisible = 0;
			defaultConfigurationName = Release;
		};
		C10004 /* Build configuration list for PBXProject "Doffice" */ = {
			isa = XCConfigurationList;
			buildConfigurations = (
				C10005 /* Debug */,
				C10006 /* Release */,
			);
			defaultConfigurationIsVisible = 0;
			defaultConfigurationName = Release;
		};
/* End XCConfigurationList section */

/* Begin XCRemoteSwiftPackageReference section */
		PKG001 /* XCRemoteSwiftPackageReference "SwiftTerm" */ = {
			isa = XCRemoteSwiftPackageReference;
			repositoryURL = "https://github.com/migueldeicaza/SwiftTerm.git";
			requirement = {
				kind = upToNextMajorVersion;
				minimumVersion = 1.2.0;
			};
		};
/* End XCRemoteSwiftPackageReference section */

/* Begin XCSwiftPackageProductDependency section */
		DEP001 /* SwiftTerm */ = {
			isa = XCSwiftPackageProductDependency;
			package = PKG001 /* XCRemoteSwiftPackageReference "SwiftTerm" */;
			productName = SwiftTerm;
		};
/* End XCSwiftPackageProductDependency section */
	};
	rootObject = P10001 /* Project object */;
}
